
Microsoft Visual Studio Solution File, Format Version 12.00
# Visual Studio 15
VisualStudioVersion = 15.0.26124.0
MinimumVisualStudioVersion = 15.0.26124.0
Project("{FAE04EC0-301F-11D3-BF4B-00C04F79EFBC}") = "PascalSharp.Console", "PascalSharp.Console\PascalSharp.Console.csproj", "{9EC22DE5-FE1A-467A-96E8-A2673F4AFE23}"
EndProject
Project("{FAE04EC0-301F-11D3-BF4B-00C04F79EFBC}") = "PascalSharp.Console.Clear", "PascalSharp.Console.Clear\PascalSharp.Console.Clear.csproj", "{E0469AEC-1867-47DB-8F2D-EB02A18C7791}"
EndProject
Global
	GlobalSection(SolutionConfigurationPlatforms) = preSolution
		Debug|Any CPU = Debug|Any CPU
		Release|Any CPU = Release|Any CPU
	EndGlobalSection
	GlobalSection(SolutionProperties) = preSolution
		HideSolutionNode = FALSE
	EndGlobalSection
	GlobalSection(ProjectConfigurationPlatforms) = postSolution
		{9EC22DE5-FE1A-467A-96E8-A2673F4AFE23}.Debug|Any CPU.ActiveCfg = Debug|Any CPU
		{9EC22DE5-FE1A-467A-96E8-A2673F4AFE23}.Debug|Any CPU.Build.0 = Debug|Any CPU
		{9EC22DE5-FE1A-467A-96E8-A2673F4AFE23}.Release|Any CPU.ActiveCfg = Release|Any CPU
		{9EC22DE5-FE1A-467A-96E8-A2673F4AFE23}.Release|Any CPU.Build.0 = Release|Any CPU
		{E0469AEC-1867-47DB-8F2D-EB02A18C7791}.Debug|Any CPU.ActiveCfg = Debug|Any CPU
		{E0469AEC-1867-47DB-8F2D-EB02A18C7791}.Debug|Any CPU.Build.0 = Debug|Any CPU
		{E0469AEC-1867-47DB-8F2D-EB02A18C7791}.Release|Any CPU.ActiveCfg = Release|Any CPU
		{E0469AEC-1867-47DB-8F2D-EB02A18C7791}.Release|Any CPU.Build.0 = Release|Any CPU
	EndGlobalSection
EndGlobal
