Microsoft Visual Studio Solution File, Format Version 12.00
# Visual Studio 15
VisualStudioVersion = 15.0.26124.0
MinimumVisualStudioVersion = 15.0.26124.0
Project("{9A19103F-16F7-4668-BE54-9A1E7A4F7556}") = "PascalSharp.Console.Interactive", "PascalSharp.Console.Interactive\PascalSharp.Console.Interactive.csproj", "{9EC22DE5-FE1A-467A-96E8-A2673F4AFE23}"
EndProject
Project("{9A19103F-16F7-4668-BE54-9A1E7A4F7556}") = "PascalSharp.Console", "PascalSharp.Console\PascalSharp.Console.csproj", "{E0469AEC-1867-47DB-8F2D-EB02A18C7791}"
EndProject
Project("{9A19103F-16F7-4668-BE54-9A1E7A4F7556}") = "PascalSharp.Compiler.Host", "PascalSharp.Compiler.Host\PascalSharp.Compiler.Host.csproj", "{8802F99D-5562-42E2-9041-3C2AB7AC6599}"
EndProject
Global
	GlobalSection(SolutionConfigurationPlatforms) = preSolution
		Debug|Any CPU = Debug|Any CPU
		Release|Any CPU = Release|Any CPU
	EndGlobalSection
	GlobalSection(ProjectConfigurationPlatforms) = postSolution
		{9EC22DE5-FE1A-467A-96E8-A2673F4AFE23}.Debug|Any CPU.ActiveCfg = Debug|Any CPU
		{9EC22DE5-FE1A-467A-96E8-A2673F4AFE23}.Debug|Any CPU.Build.0 = Debug|Any CPU
		{9EC22DE5-FE1A-467A-96E8-A2673F4AFE23}.Release|Any CPU.ActiveCfg = Release|Any CPU
		{9EC22DE5-FE1A-467A-96E8-A2673F4AFE23}.Release|Any CPU.Build.0 = Release|Any CPU
		{E0469AEC-1867-47DB-8F2D-EB02A18C7791}.Debug|Any CPU.ActiveCfg = Debug|Any CPU
		{E0469AEC-1867-47DB-8F2D-EB02A18C7791}.Debug|Any CPU.Build.0 = Debug|Any CPU
		{E0469AEC-1867-47DB-8F2D-EB02A18C7791}.Release|Any CPU.ActiveCfg = Release|Any CPU
		{E0469AEC-1867-47DB-8F2D-EB02A18C7791}.Release|Any CPU.Build.0 = Release|Any CPU
		{8802F99D-5562-42E2-9041-3C2AB7AC6599}.Debug|Any CPU.ActiveCfg = Debug|Any CPU
		{8802F99D-5562-42E2-9041-3C2AB7AC6599}.Debug|Any CPU.Build.0 = Debug|Any CPU
		{8802F99D-5562-42E2-9041-3C2AB7AC6599}.Release|Any CPU.ActiveCfg = Release|Any CPU
		{8802F99D-5562-42E2-9041-3C2AB7AC6599}.Release|Any CPU.Build.0 = Release|Any CPU
	EndGlobalSection
	GlobalSection(SolutionProperties) = preSolution
		HideSolutionNode = FALSE
	EndGlobalSection
	GlobalSection(ExtensibilityGlobals) = postSolution
		SolutionGuid = {09A5E219-D573-48EE-BCAA-0CA4676F5E50}
	EndGlobalSection
EndGlobal
